
Microsoft Visual Studio Solution File, Format Version 12.00
# Visual Studio Version 16
VisualStudioVersion = 16.0.28822.285
MinimumVisualStudioVersion = 10.0.40219.1
Project("{FAE04EC0-301F-11D3-BF4B-00C04F79EFBC}") = "LruCache", "LruCache\LruCache.csproj", "{A0EBD38E-74E1-45BA-B967-3228569A03D1}"
EndProject
Project("{FAE04EC0-301F-11D3-BF4B-00C04F79EFBC}") = "LruCacheSpecs", "LruCacheSpecs\LruCacheSpecs.csproj", "{607C7D46-C730-43CD-84C1-77B56E998A14}"
EndProject
Global
	GlobalSection(SolutionConfigurationPlatforms) = preSolution
		Debug|Any CPU = Debug|Any CPU
		Release|Any CPU = Release|Any CPU
	EndGlobalSection
	GlobalSection(ProjectConfigurationPlatforms) = postSolution
		{A0EBD38E-74E1-45BA-B967-3228569A03D1}.Debug|Any CPU.ActiveCfg = Debug|Any CPU
		{A0EBD38E-74E1-45BA-B967-3228569A03D1}.Debug|Any CPU.Build.0 = Debug|Any CPU
		{A0EBD38E-74E1-45BA-B967-3228569A03D1}.Release|Any CPU.ActiveCfg = Release|Any CPU
		{A0EBD38E-74E1-45BA-B967-3228569A03D1}.Release|Any CPU.Build.0 = Release|Any CPU
		{607C7D46-C730-43CD-84C1-77B56E998A14}.Debug|Any CPU.ActiveCfg = Debug|Any CPU
		{607C7D46-C730-43CD-84C1-77B56E998A14}.Debug|Any CPU.Build.0 = Debug|Any CPU
		{607C7D46-C730-43CD-84C1-77B56E998A14}.Release|Any CPU.ActiveCfg = Release|Any CPU
		{607C7D46-C730-43CD-84C1-77B56E998A14}.Release|Any CPU.Build.0 = Release|Any CPU
	EndGlobalSection
	GlobalSection(SolutionProperties) = preSolution
		HideSolutionNode = FALSE
	EndGlobalSection
	GlobalSection(ExtensibilityGlobals) = postSolution
		SolutionGuid = {DB903DCA-E847-4BD4-BA8B-6A246FFEFD71}
	EndGlobalSection
EndGlobal
